
Microsoft Visual Studio Solution File, Format Version 12.00
# Visual Studio Version 16
VisualStudioVersion = 16.0.30804.86
MinimumVisualStudioVersion = 10.0.40219.1
Project("{FAE04EC0-301F-11D3-BF4B-00C04F79EFBC}") = "timeattack", "timeattack\timeattack.csproj", "{3E0211AF-8C86-4702-9D24-D9D637B99468}"
EndProject
Global
	GlobalSection(SolutionConfigurationPlatforms) = preSolution
		Debug|Any CPU = Debug|Any CPU
		Release|Any CPU = Release|Any CPU
	EndGlobalSection
	GlobalSection(ProjectConfigurationPlatforms) = postSolution
		{3E0211AF-8C86-4702-9D24-D9D637B99468}.Debug|Any CPU.ActiveCfg = Debug|Any CPU
		{3E0211AF-8C86-4702-9D24-D9D637B99468}.Debug|Any CPU.Build.0 = Debug|Any CPU
		{3E0211AF-8C86-4702-9D24-D9D637B99468}.Release|Any CPU.ActiveCfg = Release|Any CPU
		{3E0211AF-8C86-4702-9D24-D9D637B99468}.Release|Any CPU.Build.0 = Release|Any CPU
	EndGlobalSection
	GlobalSection(SolutionProperties) = preSolution
		HideSolutionNode = FALSE
	EndGlobalSection
	GlobalSection(ExtensibilityGlobals) = postSolution
		SolutionGuid = {A16764FB-669E-48BC-8E4A-47DD71AE0638}
	EndGlobalSection
EndGlobal
